// !$*UTF8*$!
{
	archiveVersion = 1;
	classes = {
	};
	objectVersion = 46;
	objects = {

/* Begin PBXBuildFile section */
		6D1E54F51D3548A800EA00C1 /* AppDelegate.swift in Sources */ = {isa = PBXBuildFile; fileRef = 6D1E54F41D3548A800EA00C1 /* AppDelegate.swift */; };
		6D1E54F71D3548A800EA00C1 /* ViewController.swift in Sources */ = {isa = PBXBuildFile; fileRef = 6D1E54F61D3548A800EA00C1 /* ViewController.swift */; };
		6D1E54FA1D3548A800EA00C1 /* Main.storyboard in Resources */ = {isa = PBXBuildFile; fileRef = 6D1E54F81D3548A800EA00C1 /* Main.storyboard */; };
		6D1E54FC1D3548A800EA00C1 /* Assets.xcassets in Resources */ = {isa = PBXBuildFile; fileRef = 6D1E54FB1D3548A800EA00C1 /* Assets.xcassets */; };
		6D1E54FF1D3548A800EA00C1 /* LaunchScreen.storyboard in Resources */ = {isa = PBXBuildFile; fileRef = 6D1E54FD1D3548A800EA00C1 /* LaunchScreen.storyboard */; };
/* End PBXBuildFile section */

/* Begin PBXFileReference section */
		6D1E54F11D3548A800EA00C1 /* evvRetainCycle101.app */ = {isa = PBXFileReference; explicitFileType = wrapper.application; includeInIndex = 0; path = evvRetainCycle101.app; sourceTree = BUILT_PRODUCTS_DIR; };
		6D1E54F41D3548A800EA00C1 /* AppDelegate.swift */ = {isa = PBXFileReference; lastKnownFileType = sourcecode.swift; path = AppDelegate.swift; sourceTree = "<group>"; };
		6D1E54F61D3548A800EA00C1 /* ViewController.swift */ = {isa = PBXFileReference; lastKnownFileType = sourcecode.swift; path = ViewController.swift; sourceTree = "<group>"; };
		6D1E54F91D3548A800EA00C1 /* Base */ = {isa = PBXFileReference; lastKnownFileType = file.storyboard; name = Base; path = Base.lproj/Main.storyboard; sourceTree = "<group>"; };
		6D1E54FB1D3548A800EA00C1 /* Assets.xcassets */ = {isa = PBXFileReference; lastKnownFileType = folder.assetcatalog; path = Assets.xcassets; sourceTree = "<group>"; };
		6D1E54FE1D3548A800EA00C1 /* Base */ = {isa = PBXFileReference; lastKnownFileType = file.storyboard; name = Base; path = Base.lproj/LaunchScreen.storyboard; sourceTree = "<group>"; };
		6D1E55001D3548A800EA00C1 /* Info.plist */ = {isa = PBXFileReference; lastKnownFileType = text.plist.xml; path = Info.plist; sourceTree = "<group>"; };
/* End PBXFileReference section */

/* Begin PBXFrameworksBuildPhase section */
		6D1E54EE1D3548A800EA00C1 /* Frameworks */ = {
			isa = PBXFrameworksBuildPhase;
			buildActionMask = 2147483647;
			files = (
			);
			runOnlyForDeploymentPostprocessing = 0;
		};
/* End PBXFrameworksBuildPhase section */

/* Begin PBXGroup section */
		6D1E54E81D3548A700EA00C1 = {
			isa = PBXGroup;
			children = (
				6D1E54F31D3548A800EA00C1 /* evvRetainCycle101 */,
				6D1E54F21D3548A800EA00C1 /* Products */,
			);
			sourceTree = "<group>";
		};
		6D1E54F21D3548A800EA00C1 /* Products */ = {
			isa = PBXGroup;
			children = (
				6D1E54F11D3548A800EA00C1 /* evvRetainCycle101.app */,
			);
			name = Products;
			sourceTree = "<group>";
		};
		6D1E54F31D3548A800EA00C1 /* evvRetainCycle101 */ = {
			isa = PBXGroup;
			children = (
				6D1E54F41D3548A800EA00C1 /* AppDelegate.swift */,
				6D1E54F61D3548A800EA00C1 /* ViewController.swift */,
				6D1E54F81D3548A800EA00C1 /* Main.storyboard */,
				6D1E54FB1D3548A800EA00C1 /* Assets.xcassets */,
				6D1E54FD1D3548A800EA00C1 /* LaunchScreen.storyboard */,
				6D1E55001D3548A800EA00C1 /* Info.plist */,
			);
			path = evvRetainCycle101;
			sourceTree = "<group>";
		};
/* End PBXGroup section */

/* Begin PBXNativeTarget section */
		6D1E54F01D3548A800EA00C1 /* evvRetainCycle101 */ = {
			isa = PBXNativeTarget;
			buildConfigurationList = 6D1E55031D3548A800EA00C1 /* Build configuration list for PBXNativeTarget "evvRetainCycle101" */;
			buildPhases = (
				6D1E54ED1D3548A800EA00C1 /* Sources */,
				6D1E54EE1D3548A800EA00C1 /* Frameworks */,
				6D1E54EF1D3548A800EA00C1 /* Resources */,
			);
			buildRules = (
			);
			dependencies = (
			);
			name = evvRetainCycle101;
			productName = evvRetainCycle101;
			productReference = 6D1E54F11D3548A800EA00C1 /* evvRetainCycle101.app */;
			productType = "com.apple.product-type.application";
		};
/* End PBXNativeTarget section */

/* Begin PBXProject section */
		6D1E54E91D3548A700EA00C1 /* Project object */ = {
			isa = PBXProject;
			attributes = {
				LastSwiftUpdateCheck = 0730;
				LastUpgradeCheck = 0730;
				ORGANIZATIONNAME = Ever8greener;
				TargetAttributes = {
					6D1E54F01D3548A800EA00C1 = {
						CreatedOnToolsVersion = 7.3;
					};
				};
			};
			buildConfigurationList = 6D1E54EC1D3548A700EA00C1 /* Build configuration list for PBXProject "evvRetainCycle101" */;
			compatibilityVersion = "Xcode 3.2";
			developmentRegion = English;
			hasScannedForEncodings = 0;
			knownRegions = (
				en,
				Base,
			);
			mainGroup = 6D1E54E81D3548A700EA00C1;
			productRefGroup = 6D1E54F21D3548A800EA00C1 /* Products */;
			projectDirPath = "";
			projectRoot = "";
			targets = (
				6D1E54F01D3548A800EA00C1 /* evvRetainCycle101 */,
			);
		};
/* End PBXProject section */

/* Begin PBXResourcesBuildPhase section */
		6D1E54EF1D3548A800EA00C1 /* Resources */ = {
			isa = PBXResourcesBuildPhase;
			buildActionMask = 2147483647;
			files = (
				6D1E54FF1D3548A800EA00C1 /* LaunchScreen.storyboard in Resources */,
				6D1E54FC1D3548A800EA00C1 /* Assets.xcassets in Resources */,
				6D1E54FA1D3548A800EA00C1 /* Main.storyboard in Resources */,
			);
			runOnlyForDeploymentPostprocessing = 0;
		};
/* End PBXResourcesBuildPhase section */

/* Begin PBXSourcesBuildPhase section */
		6D1E54ED1D3548A800EA00C1 /* Sources */ = {
			isa = PBXSourcesBuildPhase;
			buildActionMask = 2147483647;
			files = (
				6D1E54F71D3548A800EA00C1 /* ViewController.swift in Sources */,
				6D1E54F51D3548A800EA00C1 /* AppDelegate.swift in Sources */,
			);
			runOnlyForDeploymentPostprocessing = 0;
		};
/* End PBXSourcesBuildPhase section */

/* Begin PBXVariantGroup section */
		6D1E54F81D3548A800EA00C1 /* Main.storyboard */ = {
			isa = PBXVariantGroup;
			children = (
				6D1E54F91D3548A800EA00C1 /* Base */,
			);
			name = Main.storyboard;
			sourceTree = "<group>";
		};
		6D1E54FD1D3548A800EA00C1 /* LaunchScreen.storyboard */ = {
			isa = PBXVariantGroup;
			children = (
				6D1E54FE1D3548A800EA00C1 /* Base */,
			);
			name = LaunchScreen.storyboard;
			sourceTree = "<group>";
		};
/* End PBXVariantGroup section */

/* Begin XCBuildConfiguration section */
		6D1E55011D3548A800EA00C1 /* Debug */ = {
			isa = XCBuildConfiguration;
			buildSettings = {
				ALWAYS_SEARCH_USER_PATHS = NO;
				CLANG_ANALYZER_NONNULL = YES;
				CLANG_CXX_LANGUAGE_STANDARD = "gnu++0x";
				CLANG_CXX_LIBRARY = "libc++";
				CLANG_ENABLE_MODULES = YES;
				CLANG_ENABLE_OBJC_ARC = YES;
				CLANG_WARN_BOOL_CONVERSION = YES;
				CLANG_WARN_CONSTANT_CONVERSION = YES;
				CLANG_WARN_DIRECT_OBJC_ISA_USAGE = YES_ERROR;
				CLANG_WARN_EMPTY_BODY = YES;
				CLANG_WARN_ENUM_CONVERSION = YES;
				CLANG_WARN_INT_CONVERSION = YES;
				CLANG_WARN_OBJC_ROOT_CLASS = YES_ERROR;
				CLANG_WARN_UNREACHABLE_CODE = YES;
				CLANG_WARN__DUPLICATE_METHOD_MATCH = YES;
				"CODE_SIGN_IDENTITY[sdk=iphoneos*]" = "iPhone Developer";
				COPY_PHASE_STRIP = NO;
				DEBUG_INFORMATION_FORMAT = dwarf;
				ENABLE_STRICT_OBJC_MSGSEND = YES;
				ENABLE_TESTABILITY = YES;
				GCC_C_LANGUAGE_STANDARD = gnu99;
				GCC_DYNAMIC_NO_PIC = NO;
				GCC_NO_COMMON_BLOCKS = YES;
				GCC_OPTIMIZATION_LEVEL = 0;
				GCC_PREPROCESSOR_DEFINITIONS = (
					"DEBUG=1",
					"$(inherited)",
				);
				GCC_WARN_64_TO_32_BIT_CONVERSION = YES;
				GCC_WARN_ABOUT_RETURN_TYPE = YES_ERROR;
				GCC_WARN_UNDECLARED_SELECTOR = YES;
				GCC_WARN_UNINITIALIZED_AUTOS = YES_AGGRESSIVE;
				GCC_WARN_UNUSED_FUNCTION = YES;
				GCC_WARN_UNUSED_VARIABLE = YES;
				IPHONEOS_DEPLOYMENT_TARGET = 9.3;
				MTL_ENABLE_DEBUG_INFO = YES;
				ONLY_ACTIVE_ARCH = YES;
				SDKROOT = iphoneos;
				SWIFT_OPTIMIZATION_LEVEL = "-Onone";
			};
			name = Debug;
		};
		6D1E55021D3548A800EA00C1 /* Release */ = {
			isa = XCBuildConfiguration;
			buildSettings = {
				ALWAYS_SEARCH_USER_PATHS = NO;
				CLANG_ANALYZER_NONNULL = YES;
				CLANG_CXX_LANGUAGE_STANDARD = "gnu++0x";
				CLANG_CXX_LIBRARY = "libc++";
				CLANG_ENABLE_MODULES = YES;
				CLANG_ENABLE_OBJC_ARC = YES;
				CLANG_WARN_BOOL_CONVERSION = YES;
				CLANG_WARN_CONSTANT_CONVERSION = YES;
				CLANG_WARN_DIRECT_OBJC_ISA_USAGE = YES_ERROR;
				CLANG_WARN_EMPTY_BODY = YES;
				CLANG_WARN_ENUM_CONVERSION = YES;
				CLANG_WARN_INT_CONVERSION = YES;
				CLANG_WARN_OBJC_ROOT_CLASS = YES_ERROR;
				CLANG_WARN_UNREACHABLE_CODE = YES;
				CLANG_WARN__DUPLICATE_METHOD_MATCH = YES;
				"CODE_SIGN_IDENTITY[sdk=iphoneos*]" = "iPhone Developer";
				COPY_PHASE_STRIP = NO;
				DEBUG_INFORMATION_FORMAT = "dwarf-with-dsym";
				ENABLE_NS_ASSERTIONS = NO;
				ENABLE_STRICT_OBJC_MSGSEND = YES;
				GCC_C_LANGUAGE_STANDARD = gnu99;
				GCC_NO_COMMON_BLOCKS = YES;
				GCC_WARN_64_TO_32_BIT_CONVERSION = YES;
				GCC_WARN_ABOUT_RETURN_TYPE = YES_ERROR;
				GCC_WARN_UNDECLARED_SELECTOR = YES;
				GCC_WARN_UNINITIALIZED_AUTOS = YES_AGGRESSIVE;
				GCC_WARN_UNUSED_FUNCTION = YES;
				GCC_WARN_UNUSED_VARIABLE = YES;
				IPHONEOS_DEPLOYMENT_TARGET = 9.3;
				MTL_ENABLE_DEBUG_INFO = NO;
				SDKROOT = iphoneos;
				VALIDATE_PRODUCT = YES;
			};
			name = Release;
		};
		6D1E55041D3548A800EA00C1 /* Debug */ = {
			isa = XCBuildConfiguration;
			buildSettings = {
				ASSETCATALOG_COMPILER_APPICON_NAME = AppIcon;
				INFOPLIST_FILE = evvRetainCycle101/Info.plist;
				LD_RUNPATH_SEARCH_PATHS = "$(inherited) @executable_path/Frameworks";
				PRODUCT_BUNDLE_IDENTIFIER = "-.evvRetainCycle101";
				PRODUCT_NAME = "$(TARGET_NAME)";
			};
			name = Debug;
		};
		6D1E55051D3548A800EA00C1 /* Release */ = {
			isa = XCBuildConfiguration;
			buildSettings = {
				ASSETCATALOG_COMPILER_APPICON_NAME = AppIcon;
				INFOPLIST_FILE = evvRetainCycle101/Info.plist;
				LD_RUNPATH_SEARCH_PATHS = "$(inherited) @executable_path/Frameworks";
				PRODUCT_BUNDLE_IDENTIFIER = "-.evvRetainCycle101";
				PRODUCT_NAME = "$(TARGET_NAME)";
			};
			name = Release;
		};
/* End XCBuildConfiguration section */

/* Begin XCConfigurationList section */
		6D1E54EC1D3548A700EA00C1 /* Build configuration list for PBXProject "evvRetainCycle101" */ = {
			isa = XCConfigurationList;
			buildConfigurations = (
				6D1E55011D3548A800EA00C1 /* Debug */,
				6D1E55021D3548A800EA00C1 /* Release */,
			);
			defaultConfigurationIsVisible = 0;
			defaultConfigurationName = Release;
		};
		6D1E55031D3548A800EA00C1 /* Build configuration list for PBXNativeTarget "evvRetainCycle101" */ = {
			isa = XCConfigurationList;
			buildConfigurations = (
				6D1E55041D3548A800EA00C1 /* Debug */,
				6D1E55051D3548A800EA00C1 /* Release */,
			);
			defaultConfigurationIsVisible = 0;
		};
/* End XCConfigurationList section */
	};
	rootObject = 6D1E54E91D3548A700EA00C1 /* Project object */;
}
